// !$*UTF8*$!
{
	archiveVersion = 1;
	classes = {
	};
	objectVersion = 56;
	objects = {

/* Begin PBXBuildFile section */
		4B414354D26908FE0CFD7E27 /* libPods-Neobis_iOS_UIScreens.a in Frameworks */ = {isa = PBXBuildFile; fileRef = 2F7C95FA1A0218DE4F9FD8CD /* libPods-Neobis_iOS_UIScreens.a */; };
		CE50B72F2A0A74F500348E5C /* WeatherForWeekView.swift in Sources */ = {isa = PBXBuildFile; fileRef = CE50B72E2A0A74F500348E5C /* WeatherForWeekView.swift */; };
		CE50B7312A0A757800348E5C /* WeatherHomeViewController.swift in Sources */ = {isa = PBXBuildFile; fileRef = CE50B7302A0A757800348E5C /* WeatherHomeViewController.swift */; };
		CE50B7332A0A758D00348E5C /* WeatherForWeekViewController.swift in Sources */ = {isa = PBXBuildFile; fileRef = CE50B7322A0A758D00348E5C /* WeatherForWeekViewController.swift */; };
		CE50B7352A0BBA0100348E5C /* CustomUILabel.swift in Sources */ = {isa = PBXBuildFile; fileRef = CE50B7342A0BBA0100348E5C /* CustomUILabel.swift */; };
		CE50B7372A0BC46B00348E5C /* CustomUIImageView.swift in Sources */ = {isa = PBXBuildFile; fileRef = CE50B7362A0BC46B00348E5C /* CustomUIImageView.swift */; };
		CE6849712A0988EE00E89E39 /* AppDelegate.swift in Sources */ = {isa = PBXBuildFile; fileRef = CE6849702A0988EE00E89E39 /* AppDelegate.swift */; };
		CE6849732A0988EE00E89E39 /* SceneDelegate.swift in Sources */ = {isa = PBXBuildFile; fileRef = CE6849722A0988EE00E89E39 /* SceneDelegate.swift */; };
		CE6849752A0988EE00E89E39 /* ViewController.swift in Sources */ = {isa = PBXBuildFile; fileRef = CE6849742A0988EE00E89E39 /* ViewController.swift */; };
		CE6849782A0988EE00E89E39 /* Main.storyboard in Resources */ = {isa = PBXBuildFile; fileRef = CE6849762A0988EE00E89E39 /* Main.storyboard */; };
		CE68497A2A0988F000E89E39 /* Assets.xcassets in Resources */ = {isa = PBXBuildFile; fileRef = CE6849792A0988F000E89E39 /* Assets.xcassets */; };
		CE68497D2A0988F000E89E39 /* LaunchScreen.storyboard in Resources */ = {isa = PBXBuildFile; fileRef = CE68497B2A0988F000E89E39 /* LaunchScreen.storyboard */; };
		CE68498E2A0A512100E89E39 /* Overpass-Bold.ttf in Resources */ = {isa = PBXBuildFile; fileRef = CE68498B2A0A512100E89E39 /* Overpass-Bold.ttf */; };
		CE68498F2A0A512100E89E39 /* Overpass-Regular.ttf in Resources */ = {isa = PBXBuildFile; fileRef = CE68498C2A0A512100E89E39 /* Overpass-Regular.ttf */; };
		CE6849902A0A512100E89E39 /* Overpass-Black.ttf in Resources */ = {isa = PBXBuildFile; fileRef = CE68498D2A0A512100E89E39 /* Overpass-Black.ttf */; };
		CE6849942A0A6BE300E89E39 /* WeatherTodayView.swift in Sources */ = {isa = PBXBuildFile; fileRef = CE6849932A0A6BE300E89E39 /* WeatherTodayView.swift */; };
		CE6849962A0A6D4600E89E39 /* HomeViewControllerCell.swift in Sources */ = {isa = PBXBuildFile; fileRef = CE6849952A0A6D4600E89E39 /* HomeViewControllerCell.swift */; };
/* End PBXBuildFile section */

/* Begin PBXFileReference section */
		162B029E3C967D86F482607E /* Pods-Neobis_iOS_UIScreens.debug.xcconfig */ = {isa = PBXFileReference; includeInIndex = 1; lastKnownFileType = text.xcconfig; name = "Pods-Neobis_iOS_UIScreens.debug.xcconfig"; path = "Target Support Files/Pods-Neobis_iOS_UIScreens/Pods-Neobis_iOS_UIScreens.debug.xcconfig"; sourceTree = "<group>"; };
		2F7C95FA1A0218DE4F9FD8CD /* libPods-Neobis_iOS_UIScreens.a */ = {isa = PBXFileReference; explicitFileType = archive.ar; includeInIndex = 0; path = "libPods-Neobis_iOS_UIScreens.a"; sourceTree = BUILT_PRODUCTS_DIR; };
		C04AE477E844113840876F70 /* Pods-Neobis_iOS_UIScreens.release.xcconfig */ = {isa = PBXFileReference; includeInIndex = 1; lastKnownFileType = text.xcconfig; name = "Pods-Neobis_iOS_UIScreens.release.xcconfig"; path = "Target Support Files/Pods-Neobis_iOS_UIScreens/Pods-Neobis_iOS_UIScreens.release.xcconfig"; sourceTree = "<group>"; };
		CE50B72E2A0A74F500348E5C /* WeatherForWeekView.swift */ = {isa = PBXFileReference; lastKnownFileType = sourcecode.swift; path = WeatherForWeekView.swift; sourceTree = "<group>"; };
		CE50B7302A0A757800348E5C /* WeatherHomeViewController.swift */ = {isa = PBXFileReference; lastKnownFileType = sourcecode.swift; path = WeatherHomeViewController.swift; sourceTree = "<group>"; };
		CE50B7322A0A758D00348E5C /* WeatherForWeekViewController.swift */ = {isa = PBXFileReference; lastKnownFileType = sourcecode.swift; path = WeatherForWeekViewController.swift; sourceTree = "<group>"; };
		CE50B7342A0BBA0100348E5C /* CustomUILabel.swift */ = {isa = PBXFileReference; lastKnownFileType = sourcecode.swift; path = CustomUILabel.swift; sourceTree = "<group>"; };
		CE50B7362A0BC46B00348E5C /* CustomUIImageView.swift */ = {isa = PBXFileReference; lastKnownFileType = sourcecode.swift; path = CustomUIImageView.swift; sourceTree = "<group>"; };
		CE68496D2A0988EE00E89E39 /* Neobis_iOS_UIScreens.app */ = {isa = PBXFileReference; explicitFileType = wrapper.application; includeInIndex = 0; path = Neobis_iOS_UIScreens.app; sourceTree = BUILT_PRODUCTS_DIR; };
		CE6849702A0988EE00E89E39 /* AppDelegate.swift */ = {isa = PBXFileReference; lastKnownFileType = sourcecode.swift; path = AppDelegate.swift; sourceTree = "<group>"; };
		CE6849722A0988EE00E89E39 /* SceneDelegate.swift */ = {isa = PBXFileReference; lastKnownFileType = sourcecode.swift; path = SceneDelegate.swift; sourceTree = "<group>"; };
		CE6849742A0988EE00E89E39 /* ViewController.swift */ = {isa = PBXFileReference; lastKnownFileType = sourcecode.swift; path = ViewController.swift; sourceTree = "<group>"; };
		CE6849772A0988EE00E89E39 /* Base */ = {isa = PBXFileReference; lastKnownFileType = file.storyboard; name = Base; path = Base.lproj/Main.storyboard; sourceTree = "<group>"; };
		CE6849792A0988F000E89E39 /* Assets.xcassets */ = {isa = PBXFileReference; lastKnownFileType = folder.assetcatalog; path = Assets.xcassets; sourceTree = "<group>"; };
		CE68497C2A0988F000E89E39 /* Base */ = {isa = PBXFileReference; lastKnownFileType = file.storyboard; name = Base; path = Base.lproj/LaunchScreen.storyboard; sourceTree = "<group>"; };
		CE68497E2A0988F000E89E39 /* Info.plist */ = {isa = PBXFileReference; lastKnownFileType = text.plist.xml; path = Info.plist; sourceTree = "<group>"; };
		CE68498B2A0A512100E89E39 /* Overpass-Bold.ttf */ = {isa = PBXFileReference; lastKnownFileType = file; path = "Overpass-Bold.ttf"; sourceTree = "<group>"; };
		CE68498C2A0A512100E89E39 /* Overpass-Regular.ttf */ = {isa = PBXFileReference; lastKnownFileType = file; path = "Overpass-Regular.ttf"; sourceTree = "<group>"; };
		CE68498D2A0A512100E89E39 /* Overpass-Black.ttf */ = {isa = PBXFileReference; lastKnownFileType = file; path = "Overpass-Black.ttf"; sourceTree = "<group>"; };
		CE6849932A0A6BE300E89E39 /* WeatherTodayView.swift */ = {isa = PBXFileReference; lastKnownFileType = sourcecode.swift; path = WeatherTodayView.swift; sourceTree = "<group>"; };
		CE6849952A0A6D4600E89E39 /* HomeViewControllerCell.swift */ = {isa = PBXFileReference; lastKnownFileType = sourcecode.swift; path = HomeViewControllerCell.swift; sourceTree = "<group>"; };
/* End PBXFileReference section */

/* Begin PBXFrameworksBuildPhase section */
		CE68496A2A0988EE00E89E39 /* Frameworks */ = {
			isa = PBXFrameworksBuildPhase;
			buildActionMask = 2147483647;
			files = (
				4B414354D26908FE0CFD7E27 /* libPods-Neobis_iOS_UIScreens.a in Frameworks */,
			);
			runOnlyForDeploymentPostprocessing = 0;
		};
/* End PBXFrameworksBuildPhase section */

/* Begin PBXGroup section */
		CD7F4FB44405D635795CBA1C /* Pods */ = {
			isa = PBXGroup;
			children = (
				162B029E3C967D86F482607E /* Pods-Neobis_iOS_UIScreens.debug.xcconfig */,
				C04AE477E844113840876F70 /* Pods-Neobis_iOS_UIScreens.release.xcconfig */,
			);
			path = Pods;
			sourceTree = "<group>";
		};
		CE6849642A0988EE00E89E39 = {
			isa = PBXGroup;
			children = (
				CE68496F2A0988EE00E89E39 /* Neobis_iOS_UIScreens */,
				CE68496E2A0988EE00E89E39 /* Products */,
				CD7F4FB44405D635795CBA1C /* Pods */,
				E375687DF51FC734C09A4702 /* Frameworks */,
			);
			sourceTree = "<group>";
		};
		CE68496E2A0988EE00E89E39 /* Products */ = {
			isa = PBXGroup;
			children = (
				CE68496D2A0988EE00E89E39 /* Neobis_iOS_UIScreens.app */,
			);
			name = Products;
			sourceTree = "<group>";
		};
		CE68496F2A0988EE00E89E39 /* Neobis_iOS_UIScreens */ = {
			isa = PBXGroup;
			children = (
				CE6849912A0A66D200E89E39 /* Views */,
				CE6849922A0A66E300E89E39 /* Controller */,
				CE6849842A0A506F00E89E39 /* Fonts */,
				CE6849702A0988EE00E89E39 /* AppDelegate.swift */,
				CE6849722A0988EE00E89E39 /* SceneDelegate.swift */,
				CE6849762A0988EE00E89E39 /* Main.storyboard */,
				CE6849792A0988F000E89E39 /* Assets.xcassets */,
				CE68497B2A0988F000E89E39 /* LaunchScreen.storyboard */,
				CE68497E2A0988F000E89E39 /* Info.plist */,
				CE50B7342A0BBA0100348E5C /* CustomUILabel.swift */,
				CE50B7362A0BC46B00348E5C /* CustomUIImageView.swift */,
			);
			path = Neobis_iOS_UIScreens;
			sourceTree = "<group>";
		};
		CE6849842A0A506F00E89E39 /* Fonts */ = {
			isa = PBXGroup;
			children = (
				CE68498D2A0A512100E89E39 /* Overpass-Black.ttf */,
				CE68498B2A0A512100E89E39 /* Overpass-Bold.ttf */,
				CE68498C2A0A512100E89E39 /* Overpass-Regular.ttf */,
			);
			path = Fonts;
			sourceTree = "<group>";
		};
		CE6849912A0A66D200E89E39 /* Views */ = {
			isa = PBXGroup;
			children = (
				CE6849952A0A6D4600E89E39 /* HomeViewControllerCell.swift */,
				CE6849932A0A6BE300E89E39 /* WeatherTodayView.swift */,
				CE50B72E2A0A74F500348E5C /* WeatherForWeekView.swift */,
			);
			path = Views;
			sourceTree = "<group>";
		};
		CE6849922A0A66E300E89E39 /* Controller */ = {
			isa = PBXGroup;
			children = (
				CE6849742A0988EE00E89E39 /* ViewController.swift */,
				CE50B7302A0A757800348E5C /* WeatherHomeViewController.swift */,
				CE50B7322A0A758D00348E5C /* WeatherForWeekViewController.swift */,
			);
			path = Controller;
			sourceTree = "<group>";
		};
		E375687DF51FC734C09A4702 /* Frameworks */ = {
			isa = PBXGroup;
			children = (
				2F7C95FA1A0218DE4F9FD8CD /* libPods-Neobis_iOS_UIScreens.a */,
			);
			name = Frameworks;
			sourceTree = "<group>";
		};
/* End PBXGroup section */

/* Begin PBXNativeTarget section */
		CE68496C2A0988EE00E89E39 /* Neobis_iOS_UIScreens */ = {
			isa = PBXNativeTarget;
			buildConfigurationList = CE6849812A0988F000E89E39 /* Build configuration list for PBXNativeTarget "Neobis_iOS_UIScreens" */;
			buildPhases = (
				847466472B3E839D6AF4CFBF /* [CP] Check Pods Manifest.lock */,
				CE6849692A0988EE00E89E39 /* Sources */,
				CE68496A2A0988EE00E89E39 /* Frameworks */,
				CE68496B2A0988EE00E89E39 /* Resources */,
			);
			buildRules = (
			);
			dependencies = (
			);
			name = Neobis_iOS_UIScreens;
			productName = Neobis_iOS_UIScreens;
			productReference = CE68496D2A0988EE00E89E39 /* Neobis_iOS_UIScreens.app */;
			productType = "com.apple.product-type.application";
		};
/* End PBXNativeTarget section */

/* Begin PBXProject section */
		CE6849652A0988EE00E89E39 /* Project object */ = {
			isa = PBXProject;
			attributes = {
				BuildIndependentTargetsInParallel = 1;
				LastSwiftUpdateCheck = 1420;
				LastUpgradeCheck = 1420;
				TargetAttributes = {
					CE68496C2A0988EE00E89E39 = {
						CreatedOnToolsVersion = 14.2;
					};
				};
			};
			buildConfigurationList = CE6849682A0988EE00E89E39 /* Build configuration list for PBXProject "Neobis_iOS_UIScreens" */;
			compatibilityVersion = "Xcode 14.0";
			developmentRegion = en;
			hasScannedForEncodings = 0;
			knownRegions = (
				en,
				Base,
			);
			mainGroup = CE6849642A0988EE00E89E39;
			productRefGroup = CE68496E2A0988EE00E89E39 /* Products */;
			projectDirPath = "";
			projectRoot = "";
			targets = (
				CE68496C2A0988EE00E89E39 /* Neobis_iOS_UIScreens */,
			);
		};
/* End PBXProject section */

/* Begin PBXResourcesBuildPhase section */
		CE68496B2A0988EE00E89E39 /* Resources */ = {
			isa = PBXResourcesBuildPhase;
			buildActionMask = 2147483647;
			files = (
				CE68498F2A0A512100E89E39 /* Overpass-Regular.ttf in Resources */,
				CE68497D2A0988F000E89E39 /* LaunchScreen.storyboard in Resources */,
				CE68497A2A0988F000E89E39 /* Assets.xcassets in Resources */,
				CE68498E2A0A512100E89E39 /* Overpass-Bold.ttf in Resources */,
				CE6849782A0988EE00E89E39 /* Main.storyboard in Resources */,
				CE6849902A0A512100E89E39 /* Overpass-Black.ttf in Resources */,
			);
			runOnlyForDeploymentPostprocessing = 0;
		};
/* End PBXResourcesBuildPhase section */

/* Begin PBXShellScriptBuildPhase section */
		847466472B3E839D6AF4CFBF /* [CP] Check Pods Manifest.lock */ = {
			isa = PBXShellScriptBuildPhase;
			buildActionMask = 2147483647;
			files = (
			);
			inputFileListPaths = (
			);
			inputPaths = (
				"${PODS_PODFILE_DIR_PATH}/Podfile.lock",
				"${PODS_ROOT}/Manifest.lock",
			);
			name = "[CP] Check Pods Manifest.lock";
			outputFileListPaths = (
			);
			outputPaths = (
				"$(DERIVED_FILE_DIR)/Pods-Neobis_iOS_UIScreens-checkManifestLockResult.txt",
			);
			runOnlyForDeploymentPostprocessing = 0;
			shellPath = /bin/sh;
			shellScript = "diff \"${PODS_PODFILE_DIR_PATH}/Podfile.lock\" \"${PODS_ROOT}/Manifest.lock\" > /dev/null\nif [ $? != 0 ] ; then\n    # print error to STDERR\n    echo \"error: The sandbox is not in sync with the Podfile.lock. Run 'pod install' or update your CocoaPods installation.\" >&2\n    exit 1\nfi\n# This output is used by Xcode 'outputs' to avoid re-running this script phase.\necho \"SUCCESS\" > \"${SCRIPT_OUTPUT_FILE_0}\"\n";
			showEnvVarsInLog = 0;
		};
/* End PBXShellScriptBuildPhase section */

/* Begin PBXSourcesBuildPhase section */
		CE6849692A0988EE00E89E39 /* Sources */ = {
			isa = PBXSourcesBuildPhase;
			buildActionMask = 2147483647;
			files = (
				CE6849942A0A6BE300E89E39 /* WeatherTodayView.swift in Sources */,
				CE50B7372A0BC46B00348E5C /* CustomUIImageView.swift in Sources */,
				CE50B72F2A0A74F500348E5C /* WeatherForWeekView.swift in Sources */,
				CE50B7312A0A757800348E5C /* WeatherHomeViewController.swift in Sources */,
				CE50B7332A0A758D00348E5C /* WeatherForWeekViewController.swift in Sources */,
				CE50B7352A0BBA0100348E5C /* CustomUILabel.swift in Sources */,
				CE6849752A0988EE00E89E39 /* ViewController.swift in Sources */,
				CE6849712A0988EE00E89E39 /* AppDelegate.swift in Sources */,
				CE6849732A0988EE00E89E39 /* SceneDelegate.swift in Sources */,
				CE6849962A0A6D4600E89E39 /* HomeViewControllerCell.swift in Sources */,
			);
			runOnlyForDeploymentPostprocessing = 0;
		};
/* End PBXSourcesBuildPhase section */

/* Begin PBXVariantGroup section */
		CE6849762A0988EE00E89E39 /* Main.storyboard */ = {
			isa = PBXVariantGroup;
			children = (
				CE6849772A0988EE00E89E39 /* Base */,
			);
			name = Main.storyboard;
			sourceTree = "<group>";
		};
		CE68497B2A0988F000E89E39 /* LaunchScreen.storyboard */ = {
			isa = PBXVariantGroup;
			children = (
				CE68497C2A0988F000E89E39 /* Base */,
			);
			name = LaunchScreen.storyboard;
			sourceTree = "<group>";
		};
/* End PBXVariantGroup section */

/* Begin XCBuildConfiguration section */
		CE68497F2A0988F000E89E39 /* Debug */ = {
			isa = XCBuildConfiguration;
			buildSettings = {
				ALWAYS_SEARCH_USER_PATHS = NO;
				CLANG_ANALYZER_NONNULL = YES;
				CLANG_ANALYZER_NUMBER_OBJECT_CONVERSION = YES_AGGRESSIVE;
				CLANG_CXX_LANGUAGE_STANDARD = "gnu++20";
				CLANG_ENABLE_MODULES = YES;
				CLANG_ENABLE_OBJC_ARC = YES;
				CLANG_ENABLE_OBJC_WEAK = YES;
				CLANG_WARN_BLOCK_CAPTURE_AUTORELEASING = YES;
				CLANG_WARN_BOOL_CONVERSION = YES;
				CLANG_WARN_COMMA = YES;
				CLANG_WARN_CONSTANT_CONVERSION = YES;
				CLANG_WARN_DEPRECATED_OBJC_IMPLEMENTATIONS = YES;
				CLANG_WARN_DIRECT_OBJC_ISA_USAGE = YES_ERROR;
				CLANG_WARN_DOCUMENTATION_COMMENTS = YES;
				CLANG_WARN_EMPTY_BODY = YES;
				CLANG_WARN_ENUM_CONVERSION = YES;
				CLANG_WARN_INFINITE_RECURSION = YES;
				CLANG_WARN_INT_CONVERSION = YES;
				CLANG_WARN_NON_LITERAL_NULL_CONVERSION = YES;
				CLANG_WARN_OBJC_IMPLICIT_RETAIN_SELF = YES;
				CLANG_WARN_OBJC_LITERAL_CONVERSION = YES;
				CLANG_WARN_OBJC_ROOT_CLASS = YES_ERROR;
				CLANG_WARN_QUOTED_INCLUDE_IN_FRAMEWORK_HEADER = YES;
				CLANG_WARN_RANGE_LOOP_ANALYSIS = YES;
				CLANG_WARN_STRICT_PROTOTYPES = YES;
				CLANG_WARN_SUSPICIOUS_MOVE = YES;
				CLANG_WARN_UNGUARDED_AVAILABILITY = YES_AGGRESSIVE;
				CLANG_WARN_UNREACHABLE_CODE = YES;
				CLANG_WARN__DUPLICATE_METHOD_MATCH = YES;
				COPY_PHASE_STRIP = NO;
				DEBUG_INFORMATION_FORMAT = dwarf;
				ENABLE_STRICT_OBJC_MSGSEND = YES;
				ENABLE_TESTABILITY = YES;
				GCC_C_LANGUAGE_STANDARD = gnu11;
				GCC_DYNAMIC_NO_PIC = NO;
				GCC_NO_COMMON_BLOCKS = YES;
				GCC_OPTIMIZATION_LEVEL = 0;
				GCC_PREPROCESSOR_DEFINITIONS = (
					"DEBUG=1",
					"$(inherited)",
				);
				GCC_WARN_64_TO_32_BIT_CONVERSION = YES;
				GCC_WARN_ABOUT_RETURN_TYPE = YES_ERROR;
				GCC_WARN_UNDECLARED_SELECTOR = YES;
				GCC_WARN_UNINITIALIZED_AUTOS = YES_AGGRESSIVE;
				GCC_WARN_UNUSED_FUNCTION = YES;
				GCC_WARN_UNUSED_VARIABLE = YES;
				IPHONEOS_DEPLOYMENT_TARGET = 16.2;
				MTL_ENABLE_DEBUG_INFO = INCLUDE_SOURCE;
				MTL_FAST_MATH = YES;
				ONLY_ACTIVE_ARCH = YES;
				SDKROOT = iphoneos;
				SWIFT_ACTIVE_COMPILATION_CONDITIONS = DEBUG;
				SWIFT_OPTIMIZATION_LEVEL = "-Onone";
			};
			name = Debug;
		};
		CE6849802A0988F000E89E39 /* Release */ = {
			isa = XCBuildConfiguration;
			buildSettings = {
				ALWAYS_SEARCH_USER_PATHS = NO;
				CLANG_ANALYZER_NONNULL = YES;
				CLANG_ANALYZER_NUMBER_OBJECT_CONVERSION = YES_AGGRESSIVE;
				CLANG_CXX_LANGUAGE_STANDARD = "gnu++20";
				CLANG_ENABLE_MODULES = YES;
				CLANG_ENABLE_OBJC_ARC = YES;
				CLANG_ENABLE_OBJC_WEAK = YES;
				CLANG_WARN_BLOCK_CAPTURE_AUTORELEASING = YES;
				CLANG_WARN_BOOL_CONVERSION = YES;
				CLANG_WARN_COMMA = YES;
				CLANG_WARN_CONSTANT_CONVERSION = YES;
				CLANG_WARN_DEPRECATED_OBJC_IMPLEMENTATIONS = YES;
				CLANG_WARN_DIRECT_OBJC_ISA_USAGE = YES_ERROR;
				CLANG_WARN_DOCUMENTATION_COMMENTS = YES;
				CLANG_WARN_EMPTY_BODY = YES;
				CLANG_WARN_ENUM_CONVERSION = YES;
				CLANG_WARN_INFINITE_RECURSION = YES;
				CLANG_WARN_INT_CONVERSION = YES;
				CLANG_WARN_NON_LITERAL_NULL_CONVERSION = YES;
				CLANG_WARN_OBJC_IMPLICIT_RETAIN_SELF = YES;
				CLANG_WARN_OBJC_LITERAL_CONVERSION = YES;
				CLANG_WARN_OBJC_ROOT_CLASS = YES_ERROR;
				CLANG_WARN_QUOTED_INCLUDE_IN_FRAMEWORK_HEADER = YES;
				CLANG_WARN_RANGE_LOOP_ANALYSIS = YES;
				CLANG_WARN_STRICT_PROTOTYPES = YES;
				CLANG_WARN_SUSPICIOUS_MOVE = YES;
				CLANG_WARN_UNGUARDED_AVAILABILITY = YES_AGGRESSIVE;
				CLANG_WARN_UNREACHABLE_CODE = YES;
				CLANG_WARN__DUPLICATE_METHOD_MATCH = YES;
				COPY_PHASE_STRIP = NO;
				DEBUG_INFORMATION_FORMAT = "dwarf-with-dsym";
				ENABLE_NS_ASSERTIONS = NO;
				ENABLE_STRICT_OBJC_MSGSEND = YES;
				GCC_C_LANGUAGE_STANDARD = gnu11;
				GCC_NO_COMMON_BLOCKS = YES;
				GCC_WARN_64_TO_32_BIT_CONVERSION = YES;
				GCC_WARN_ABOUT_RETURN_TYPE = YES_ERROR;
				GCC_WARN_UNDECLARED_SELECTOR = YES;
				GCC_WARN_UNINITIALIZED_AUTOS = YES_AGGRESSIVE;
				GCC_WARN_UNUSED_FUNCTION = YES;
				GCC_WARN_UNUSED_VARIABLE = YES;
				IPHONEOS_DEPLOYMENT_TARGET = 16.2;
				MTL_ENABLE_DEBUG_INFO = NO;
				MTL_FAST_MATH = YES;
				SDKROOT = iphoneos;
				SWIFT_COMPILATION_MODE = wholemodule;
				SWIFT_OPTIMIZATION_LEVEL = "-O";
				VALIDATE_PRODUCT = YES;
			};
			name = Release;
		};
		CE6849822A0988F000E89E39 /* Debug */ = {
			isa = XCBuildConfiguration;
			baseConfigurationReference = 162B029E3C967D86F482607E /* Pods-Neobis_iOS_UIScreens.debug.xcconfig */;
			buildSettings = {
				ASSETCATALOG_COMPILER_APPICON_NAME = AppIcon;
				ASSETCATALOG_COMPILER_GLOBAL_ACCENT_COLOR_NAME = AccentColor;
				CODE_SIGN_STYLE = Automatic;
				CURRENT_PROJECT_VERSION = 1;
				DEVELOPMENT_TEAM = 8D4F8RAGL7;
				GENERATE_INFOPLIST_FILE = YES;
				INFOPLIST_FILE = Neobis_iOS_UIScreens/Info.plist;
				INFOPLIST_KEY_UIApplicationSupportsIndirectInputEvents = YES;
				INFOPLIST_KEY_UILaunchStoryboardName = LaunchScreen;
				INFOPLIST_KEY_UIMainStoryboardFile = Main;
				INFOPLIST_KEY_UISupportedInterfaceOrientations_iPad = "UIInterfaceOrientationPortrait UIInterfaceOrientationPortraitUpsideDown UIInterfaceOrientationLandscapeLeft UIInterfaceOrientationLandscapeRight";
				INFOPLIST_KEY_UISupportedInterfaceOrientations_iPhone = "UIInterfaceOrientationPortrait UIInterfaceOrientationLandscapeLeft UIInterfaceOrientationLandscapeRight";
				LD_RUNPATH_SEARCH_PATHS = (
					"$(inherited)",
					"@executable_path/Frameworks",
				);
				MARKETING_VERSION = 1.0;
				PRODUCT_BUNDLE_IDENTIFIER = "co.sofiapir.neobis-iOS-UIScreens.Neobis-iOS-UIScreens";
				PRODUCT_NAME = "$(TARGET_NAME)";
				SWIFT_EMIT_LOC_STRINGS = YES;
				SWIFT_VERSION = 5.0;
				TARGETED_DEVICE_FAMILY = "1,2";
			};
			name = Debug;
		};
		CE6849832A0988F000E89E39 /* Release */ = {
			isa = XCBuildConfiguration;
			baseConfigurationReference = C04AE477E844113840876F70 /* Pods-Neobis_iOS_UIScreens.release.xcconfig */;
			buildSettings = {
				ASSETCATALOG_COMPILER_APPICON_NAME = AppIcon;
				ASSETCATALOG_COMPILER_GLOBAL_ACCENT_COLOR_NAME = AccentColor;
				CODE_SIGN_STYLE = Automatic;
				CURRENT_PROJECT_VERSION = 1;
				DEVELOPMENT_TEAM = 8D4F8RAGL7;
				GENERATE_INFOPLIST_FILE = YES;
				INFOPLIST_FILE = Neobis_iOS_UIScreens/Info.plist;
				INFOPLIST_KEY_UIApplicationSupportsIndirectInputEvents = YES;
				INFOPLIST_KEY_UILaunchStoryboardName = LaunchScreen;
				INFOPLIST_KEY_UIMainStoryboardFile = Main;
				INFOPLIST_KEY_UISupportedInterfaceOrientations_iPad = "UIInterfaceOrientationPortrait UIInterfaceOrientationPortraitUpsideDown UIInterfaceOrientationLandscapeLeft UIInterfaceOrientationLandscapeRight";
				INFOPLIST_KEY_UISupportedInterfaceOrientations_iPhone = "UIInterfaceOrientationPortrait UIInterfaceOrientationLandscapeLeft UIInterfaceOrientationLandscapeRight";
				LD_RUNPATH_SEARCH_PATHS = (
					"$(inherited)",
					"@executable_path/Frameworks",
				);
				MARKETING_VERSION = 1.0;
				PRODUCT_BUNDLE_IDENTIFIER = "co.sofiapir.neobis-iOS-UIScreens.Neobis-iOS-UIScreens";
				PRODUCT_NAME = "$(TARGET_NAME)";
				SWIFT_EMIT_LOC_STRINGS = YES;
				SWIFT_VERSION = 5.0;
				TARGETED_DEVICE_FAMILY = "1,2";
			};
			name = Release;
		};
/* End XCBuildConfiguration section */

/* Begin XCConfigurationList section */
		CE6849682A0988EE00E89E39 /* Build configuration list for PBXProject "Neobis_iOS_UIScreens" */ = {
			isa = XCConfigurationList;
			buildConfigurations = (
				CE68497F2A0988F000E89E39 /* Debug */,
				CE6849802A0988F000E89E39 /* Release */,
			);
			defaultConfigurationIsVisible = 0;
			defaultConfigurationName = Release;
		};
		CE6849812A0988F000E89E39 /* Build configuration list for PBXNativeTarget "Neobis_iOS_UIScreens" */ = {
			isa = XCConfigurationList;
			buildConfigurations = (
				CE6849822A0988F000E89E39 /* Debug */,
				CE6849832A0988F000E89E39 /* Release */,
			);
			defaultConfigurationIsVisible = 0;
			defaultConfigurationName = Release;
		};
/* End XCConfigurationList section */
	};
	rootObject = CE6849652A0988EE00E89E39 /* Project object */;
}
